
Microsoft Visual Studio Solution File, Format Version 12.00
# Visual Studio Version 17
VisualStudioVersion = 17.7.34221.43
MinimumVisualStudioVersion = 10.0.40219.1
Project("{9A19103F-16F7-4668-BE54-9A1E7A4F7556}") = "ManagementBooks.API", "ManagementBooks.API\ManagementBooks.API.csproj", "{37104E41-FD00-428D-8992-85ABC4799F7E}"
EndProject
Project("{FAE04EC0-301F-11D3-BF4B-00C04F79EFBC}") = "ManagementBooks.Classes", "ManagementBooks.Classes\ManagementBooks.Classes.csproj", "{A17417B3-02E1-4E82-98A2-6DCF14452E85}"
EndProject
Project("{9A19103F-16F7-4668-BE54-9A1E7A4F7556}") = "ManagementBooks.Client", "ManagementBooks.Client\ManagementBooks.Client.csproj", "{43FF61F6-857C-4CC8-9B1C-BDA265CCF921}"
EndProject
Global
	GlobalSection(SolutionConfigurationPlatforms) = preSolution
		Debug|Any CPU = Debug|Any CPU
		Release|Any CPU = Release|Any CPU
	EndGlobalSection
	GlobalSection(ProjectConfigurationPlatforms) = postSolution
		{37104E41-FD00-428D-8992-85ABC4799F7E}.Debug|Any CPU.ActiveCfg = Debug|Any CPU
		{37104E41-FD00-428D-8992-85ABC4799F7E}.Debug|Any CPU.Build.0 = Debug|Any CPU
		{37104E41-FD00-428D-8992-85ABC4799F7E}.Release|Any CPU.ActiveCfg = Release|Any CPU
		{37104E41-FD00-428D-8992-85ABC4799F7E}.Release|Any CPU.Build.0 = Release|Any CPU
		{A17417B3-02E1-4E82-98A2-6DCF14452E85}.Debug|Any CPU.ActiveCfg = Debug|Any CPU
		{A17417B3-02E1-4E82-98A2-6DCF14452E85}.Debug|Any CPU.Build.0 = Debug|Any CPU
		{A17417B3-02E1-4E82-98A2-6DCF14452E85}.Release|Any CPU.ActiveCfg = Release|Any CPU
		{A17417B3-02E1-4E82-98A2-6DCF14452E85}.Release|Any CPU.Build.0 = Release|Any CPU
		{43FF61F6-857C-4CC8-9B1C-BDA265CCF921}.Debug|Any CPU.ActiveCfg = Debug|Any CPU
		{43FF61F6-857C-4CC8-9B1C-BDA265CCF921}.Debug|Any CPU.Build.0 = Debug|Any CPU
		{43FF61F6-857C-4CC8-9B1C-BDA265CCF921}.Release|Any CPU.ActiveCfg = Release|Any CPU
		{43FF61F6-857C-4CC8-9B1C-BDA265CCF921}.Release|Any CPU.Build.0 = Release|Any CPU
	EndGlobalSection
	GlobalSection(SolutionProperties) = preSolution
		HideSolutionNode = FALSE
	EndGlobalSection
	GlobalSection(ExtensibilityGlobals) = postSolution
		SolutionGuid = {BA965ECF-C063-4495-B0AF-E2A43CBC2581}
	EndGlobalSection
EndGlobal
