
Microsoft Visual Studio Solution File, Format Version 12.00
# Visual Studio Version 17
VisualStudioVersion = 17.0.31717.71
MinimumVisualStudioVersion = 10.0.40219.1
Project("{9A19103F-16F7-4668-BE54-9A1E7A4F7556}") = "ManagementBooks.Client", "ManagementBooks.Client.csproj", "{7CC0DEFB-00FF-4B0C-B86B-189D76C1603A}"
EndProject
Global
	GlobalSection(SolutionConfigurationPlatforms) = preSolution
		Debug|Any CPU = Debug|Any CPU
		Release|Any CPU = Release|Any CPU
	EndGlobalSection
	GlobalSection(ProjectConfigurationPlatforms) = postSolution
		{7CC0DEFB-00FF-4B0C-B86B-189D76C1603A}.Debug|Any CPU.ActiveCfg = Debug|Any CPU
		{7CC0DEFB-00FF-4B0C-B86B-189D76C1603A}.Debug|Any CPU.Build.0 = Debug|Any CPU
		{7CC0DEFB-00FF-4B0C-B86B-189D76C1603A}.Release|Any CPU.ActiveCfg = Release|Any CPU
		{7CC0DEFB-00FF-4B0C-B86B-189D76C1603A}.Release|Any CPU.Build.0 = Release|Any CPU
	EndGlobalSection
	GlobalSection(SolutionProperties) = preSolution
		HideSolutionNode = FALSE
	EndGlobalSection
	GlobalSection(ExtensibilityGlobals) = postSolution
		SolutionGuid = {B87A2321-A70F-471C-8D75-A6B51F25EB5B}
	EndGlobalSection
EndGlobal